github.com/gohugoio/hugo-mod-jslibs-dist/popperjs/v2 v2.21100.20000 h1:GZxx4Hc+yb0/t3/rau1j8XlAxLE4CyXns2fqQbyqWfs=
github.com/gohugoio/hugo-mod-jslibs-dist/popperjs/v2 v2.21100.20000/go.mod h1:mFberT6ZtcchrsDtfvJM7aAH2bDKLdOnruUHl0hlapI=
github.com/hugolify/hugolify-netlify-cms v1.8.3 h1:Y8PZ/exxZxEaKcmFJyi42culpJeWegWtbgVzKnVkAQU=
github.com/hugolify/hugolify-netlify-cms v1.8.3/go.mod h1:Q7HNXBxIatKmA+mlG+3HbWUYApZnftOwFz6kevyg/HU=
github.com/hugolify/hugolify-theme v1.7.40 h1:A7p96FJVb0JRbm3lcZ/TXql7OYgZou3Gzt3w13f+w+U=
github.com/hugolify/hugolify-theme v1.7.40/go.mod h1:yDbH6g0BJAqjueFrZ13u2lC9gWsYuKDFjQirn805zvo=
github.com/hugolify/hugolify-theme-projects v1.1.18 h1:QOOx54K3VzTbe3VOfJTGtiKKHLLjjvbaKYVULucHTf0=
github.com/hugolify/hugolify-theme-projects v1.1.18/go.mod h1:DseeRICUC354yaV9BDa6M3AwIeZVKXLnJbFczHCSH+U=
github.com/hugolify/hugolify-theme-projects-tags v1.0.12 h1:RK2SOE1lMHrk25JVi+t1Snxu5bFXgc7evOIAiMx17tM=
github.com/hugolify/hugolify-theme-projects-tags v1.0.12/go.mod h1:qqkCPiuJJxLQrnomqNqmSbwLquISdi3c0mhpvXE1CNU=
github.com/hugolify/hugolify-theme-projects-types v1.0.10 h1:PCYBfGpZKF+oJ/J1xa/PBJywYwrsbAL13LKaKtm1ERs=
github.com/hugolify/hugolify-theme-projects-types v1.0.10/go.mod h1:IFi4jmAY5oXSLTWyK0mcGUDoFzWtgTQB/bQ+gL23MTg=
github.com/twbs/bootstrap v5.3.0+incompatible h1:4+staADO0OrqUv77m+XL+vHYojLH9oxb4Vxi9mnIJWg=
github.com/twbs/bootstrap v5.3.0+incompatible/go.mod h1:fZTSrkpSf0/HkL0IIJzvVspTt1r9zuf7XlZau8kpcY0=
